
Microsoft Visual Studio Solution File, Format Version 12.00
Project("{2150E333-8FDC-42A3-9474-1A3956D46DE8}") = "Domain", "Domain", "{7A7A976B-5AF8-4014-AE26-751FA50545FE}"
EndProject
Project("{2150E333-8FDC-42A3-9474-1A3956D46DE8}") = "Infra.Data", "Infra.Data", "{760E5C94-A41F-4641-952C-D07A2EF838DC}"
EndProject
Project("{2150E333-8FDC-42A3-9474-1A3956D46DE8}") = "Core", "Core", "{DC2204EF-3741-4D9D-89EC-2A50B7966A08}"
EndProject
Project("{2150E333-8FDC-42A3-9474-1A3956D46DE8}") = "Presentations", "Presentations", "{C643E4B7-CA32-4FBA-8489-00436C86E900}"
EndProject
Project("{2150E333-8FDC-42A3-9474-1A3956D46DE8}") = "Infra.IoC", "Infra.IoC", "{4C2EBBAF-CC5D-4C3F-93E7-C517BBBEDF68}"
EndProject
Project("{FAE04EC0-301F-11D3-BF4B-00C04F79EFBC}") = "Puzzle.Domain", "Puzzle.Domain\Puzzle.Domain.csproj", "{F7FA49DF-9F12-4117-84DA-FE52CDBEDC8F}"
EndProject
Project("{FAE04EC0-301F-11D3-BF4B-00C04F79EFBC}") = "Puzzle.Data", "Puzzle.Data\Puzzle.Data.csproj", "{A0A60F97-4502-4998-84DB-A7C953A19D3D}"
EndProject
Project("{FAE04EC0-301F-11D3-BF4B-00C04F79EFBC}") = "Puzzle.Core", "Puzzle.Core\Puzzle.Core.csproj", "{DEBBE8F1-A15F-4B7A-8015-F827BBA33EBA}"
EndProject
Project("{FAE04EC0-301F-11D3-BF4B-00C04F79EFBC}") = "Puzzle.IoC", "Puzzle.IoC\Puzzle.IoC.csproj", "{6A260EA3-207D-4577-889F-8468A6ADF7D8}"
EndProject
Project("{FAE04EC0-301F-11D3-BF4B-00C04F79EFBC}") = "Puzzle.Repl", "Puzzle.Repl\Puzzle.Repl.csproj", "{E4F30562-2C04-4041-8721-D4D3F48C3058}"
EndProject
Global
	GlobalSection(SolutionConfigurationPlatforms) = preSolution
		Debug|Any CPU = Debug|Any CPU
		Release|Any CPU = Release|Any CPU
	EndGlobalSection
	GlobalSection(NestedProjects) = preSolution
		{F7FA49DF-9F12-4117-84DA-FE52CDBEDC8F} = {7A7A976B-5AF8-4014-AE26-751FA50545FE}
		{A0A60F97-4502-4998-84DB-A7C953A19D3D} = {760E5C94-A41F-4641-952C-D07A2EF838DC}
		{DEBBE8F1-A15F-4B7A-8015-F827BBA33EBA} = {DC2204EF-3741-4D9D-89EC-2A50B7966A08}
		{6A260EA3-207D-4577-889F-8468A6ADF7D8} = {4C2EBBAF-CC5D-4C3F-93E7-C517BBBEDF68}
		{E4F30562-2C04-4041-8721-D4D3F48C3058} = {C643E4B7-CA32-4FBA-8489-00436C86E900}
	EndGlobalSection
	GlobalSection(ProjectConfigurationPlatforms) = postSolution
		{F7FA49DF-9F12-4117-84DA-FE52CDBEDC8F}.Debug|Any CPU.ActiveCfg = Debug|Any CPU
		{F7FA49DF-9F12-4117-84DA-FE52CDBEDC8F}.Debug|Any CPU.Build.0 = Debug|Any CPU
		{F7FA49DF-9F12-4117-84DA-FE52CDBEDC8F}.Release|Any CPU.ActiveCfg = Release|Any CPU
		{F7FA49DF-9F12-4117-84DA-FE52CDBEDC8F}.Release|Any CPU.Build.0 = Release|Any CPU
		{A0A60F97-4502-4998-84DB-A7C953A19D3D}.Debug|Any CPU.ActiveCfg = Debug|Any CPU
		{A0A60F97-4502-4998-84DB-A7C953A19D3D}.Debug|Any CPU.Build.0 = Debug|Any CPU
		{A0A60F97-4502-4998-84DB-A7C953A19D3D}.Release|Any CPU.ActiveCfg = Release|Any CPU
		{A0A60F97-4502-4998-84DB-A7C953A19D3D}.Release|Any CPU.Build.0 = Release|Any CPU
		{DEBBE8F1-A15F-4B7A-8015-F827BBA33EBA}.Debug|Any CPU.ActiveCfg = Debug|Any CPU
		{DEBBE8F1-A15F-4B7A-8015-F827BBA33EBA}.Debug|Any CPU.Build.0 = Debug|Any CPU
		{DEBBE8F1-A15F-4B7A-8015-F827BBA33EBA}.Release|Any CPU.ActiveCfg = Release|Any CPU
		{DEBBE8F1-A15F-4B7A-8015-F827BBA33EBA}.Release|Any CPU.Build.0 = Release|Any CPU
		{6A260EA3-207D-4577-889F-8468A6ADF7D8}.Debug|Any CPU.ActiveCfg = Debug|Any CPU
		{6A260EA3-207D-4577-889F-8468A6ADF7D8}.Debug|Any CPU.Build.0 = Debug|Any CPU
		{6A260EA3-207D-4577-889F-8468A6ADF7D8}.Release|Any CPU.ActiveCfg = Release|Any CPU
		{6A260EA3-207D-4577-889F-8468A6ADF7D8}.Release|Any CPU.Build.0 = Release|Any CPU
		{E4F30562-2C04-4041-8721-D4D3F48C3058}.Debug|Any CPU.ActiveCfg = Debug|Any CPU
		{E4F30562-2C04-4041-8721-D4D3F48C3058}.Debug|Any CPU.Build.0 = Debug|Any CPU
		{E4F30562-2C04-4041-8721-D4D3F48C3058}.Release|Any CPU.ActiveCfg = Release|Any CPU
		{E4F30562-2C04-4041-8721-D4D3F48C3058}.Release|Any CPU.Build.0 = Release|Any CPU
	EndGlobalSection
EndGlobal
